
Microsoft Visual Studio Solution File, Format Version 12.00
# Visual Studio Version 17
VisualStudioVersion = 17.12.35514.174 d17.12
MinimumVisualStudioVersion = 10.0.40219.1
Project("{9A19103F-16F7-4668-BE54-9A1E7A4F7556}") = "Enbrea.SchildNRW.Db", "src\Enbrea.SchildNRW.Db.csproj", "{F347DF00-BF48-46DB-8CA5-19DB0E9AEB13}"
EndProject
Project("{FAE04EC0-301F-11D3-BF4B-00C04F79EFBC}") = "Enbrea.SchildNRW.Db.SmokeTest", "test\SmokeTest\Enbrea.SchildNRW.Db.SmokeTest.csproj", "{E704B6A0-24A2-4BD2-AC57-E019E55B1F80}"
EndProject
Project("{2150E333-8FDC-42A3-9474-1A3956D46DE8}") = "Solution Items", "Solution Items", "{842C18C6-6881-4B18-ABBD-527043DBF532}"
	ProjectSection(SolutionItems) = preProject
		.editorconfig = .editorconfig
	EndProjectSection
EndProject
Global
	GlobalSection(SolutionConfigurationPlatforms) = preSolution
		Debug|Any CPU = Debug|Any CPU
		Release|Any CPU = Release|Any CPU
	EndGlobalSection
	GlobalSection(ProjectConfigurationPlatforms) = postSolution
		{F347DF00-BF48-46DB-8CA5-19DB0E9AEB13}.Debug|Any CPU.ActiveCfg = Debug|Any CPU
		{F347DF00-BF48-46DB-8CA5-19DB0E9AEB13}.Debug|Any CPU.Build.0 = Debug|Any CPU
		{F347DF00-BF48-46DB-8CA5-19DB0E9AEB13}.Release|Any CPU.ActiveCfg = Release|Any CPU
		{F347DF00-BF48-46DB-8CA5-19DB0E9AEB13}.Release|Any CPU.Build.0 = Release|Any CPU
		{E704B6A0-24A2-4BD2-AC57-E019E55B1F80}.Debug|Any CPU.ActiveCfg = Debug|Any CPU
		{E704B6A0-24A2-4BD2-AC57-E019E55B1F80}.Debug|Any CPU.Build.0 = Debug|Any CPU
		{E704B6A0-24A2-4BD2-AC57-E019E55B1F80}.Release|Any CPU.ActiveCfg = Release|Any CPU
		{E704B6A0-24A2-4BD2-AC57-E019E55B1F80}.Release|Any CPU.Build.0 = Release|Any CPU
	EndGlobalSection
	GlobalSection(SolutionProperties) = preSolution
		HideSolutionNode = FALSE
	EndGlobalSection
	GlobalSection(ExtensibilityGlobals) = postSolution
		SolutionGuid = {12333456-B93C-41F5-8372-E8A518027360}
	EndGlobalSection
EndGlobal
